{
    "name": "corallia-js",
    "lockfileVersion": 2,
    "requires": true,
    "packages": {
        "": {
            "dependencies": {
                "corallia-js": "github:inforgdev/corallia-js",
                "octopo-js": "github:inforgdev/octopo-js"
            }
        },
        "node_modules/corallia-js": {
            "version": "0.7.0",
            "resolved": "git+ssh://git@github.com/inforgdev/corallia-js.git#bafea988553c9b33ee59fb41bcea8af97f2aa3a5",
            "license": "SEE LICENSE IN LICENSE.md",
            "dependencies": {
                "hex-rgb": "^5.0.0",
                "octopo-js": "github:inforgdev/octopo-js"
            }
        },
        "node_modules/hex-rgb": {
            "version": "5.0.0",
            "resolved": "https://registry.npmjs.org/hex-rgb/-/hex-rgb-5.0.0.tgz",
            "integrity": "sha512-NQO+lgVUCtHxZ792FodgW0zflK+ozS9X9dwGp9XvvmPlH7pyxd588cn24TD3rmPm/N0AIRXF10Otah8yKqGw4w==",
            "engines": {
                "node": ">=12"
            },
            "funding": {
                "url": "https://github.com/sponsors/sindresorhus"
            }
        },
        "node_modules/octopo-js": {
            "version": "0.30.1",
            "resolved": "git+ssh://git@github.com/inforgdev/octopo-js.git#505939537fcfd05367ebef39c6f0a2db3ff0f97a",
            "license": "SEE LICENSE IN LICENSE.md"
        }
    },
    "dependencies": {
        "corallia-js": {
            "version": "git+ssh://git@github.com/inforgdev/corallia-js.git#bafea988553c9b33ee59fb41bcea8af97f2aa3a5",
            "from": "corallia-js@github:inforgdev/corallia-js",
            "requires": {
                "hex-rgb": "^5.0.0",
                "octopo-js": "github:inforgdev/octopo-js"
            }
        },
        "hex-rgb": {
            "version": "5.0.0",
            "resolved": "https://registry.npmjs.org/hex-rgb/-/hex-rgb-5.0.0.tgz",
            "integrity": "sha512-NQO+lgVUCtHxZ792FodgW0zflK+ozS9X9dwGp9XvvmPlH7pyxd588cn24TD3rmPm/N0AIRXF10Otah8yKqGw4w=="
        },
        "octopo-js": {
            "version": "git+ssh://git@github.com/inforgdev/octopo-js.git#505939537fcfd05367ebef39c6f0a2db3ff0f97a",
            "from": "octopo-js@github:inforgdev/octopo-js"
        }
    }
}
